
Microsoft Visual Studio Solution File, Format Version 12.00
# Visual Studio Version 16
VisualStudioVersion = 16.0.31402.337
MinimumVisualStudioVersion = 10.0.40219.1
Project("{9A19103F-16F7-4668-BE54-9A1E7A4F7556}") = "CarRental", "CarRental\CarRental.csproj", "{161AECCC-2246-4048-9350-ECE1909C06CD}"
EndProject
Project("{FAE04EC0-301F-11D3-BF4B-00C04F79EFBC}") = "TestProject1", "TestProject1\TestProject1.csproj", "{28D13471-2EA6-44BF-8AFA-4F74EFB686A2}"
EndProject
Project("{FAE04EC0-301F-11D3-BF4B-00C04F79EFBC}") = "TestProject2", "TestProject2\TestProject2.csproj", "{72A699C8-78F0-4E45-A2DA-820CDDBB7B70}"
EndProject
Global
	GlobalSection(SolutionConfigurationPlatforms) = preSolution
		Debug|Any CPU = Debug|Any CPU
		Release|Any CPU = Release|Any CPU
	EndGlobalSection
	GlobalSection(ProjectConfigurationPlatforms) = postSolution
		{161AECCC-2246-4048-9350-ECE1909C06CD}.Debug|Any CPU.ActiveCfg = Debug|Any CPU
		{161AECCC-2246-4048-9350-ECE1909C06CD}.Debug|Any CPU.Build.0 = Debug|Any CPU
		{161AECCC-2246-4048-9350-ECE1909C06CD}.Release|Any CPU.ActiveCfg = Release|Any CPU
		{161AECCC-2246-4048-9350-ECE1909C06CD}.Release|Any CPU.Build.0 = Release|Any CPU
		{28D13471-2EA6-44BF-8AFA-4F74EFB686A2}.Debug|Any CPU.ActiveCfg = Debug|Any CPU
		{28D13471-2EA6-44BF-8AFA-4F74EFB686A2}.Debug|Any CPU.Build.0 = Debug|Any CPU
		{28D13471-2EA6-44BF-8AFA-4F74EFB686A2}.Release|Any CPU.ActiveCfg = Release|Any CPU
		{28D13471-2EA6-44BF-8AFA-4F74EFB686A2}.Release|Any CPU.Build.0 = Release|Any CPU
		{72A699C8-78F0-4E45-A2DA-820CDDBB7B70}.Debug|Any CPU.ActiveCfg = Debug|Any CPU
		{72A699C8-78F0-4E45-A2DA-820CDDBB7B70}.Debug|Any CPU.Build.0 = Debug|Any CPU
		{72A699C8-78F0-4E45-A2DA-820CDDBB7B70}.Release|Any CPU.ActiveCfg = Release|Any CPU
		{72A699C8-78F0-4E45-A2DA-820CDDBB7B70}.Release|Any CPU.Build.0 = Release|Any CPU
	EndGlobalSection
	GlobalSection(SolutionProperties) = preSolution
		HideSolutionNode = FALSE
	EndGlobalSection
	GlobalSection(ExtensibilityGlobals) = postSolution
		SolutionGuid = {7867C8AC-41D8-49CF-98ED-616E0FE805F5}
	EndGlobalSection
EndGlobal
